// !$*UTF8*$!
{
	archiveVersion = 1;
	classes = {
	};
	objectVersion = 51;
	objects = {

/* Begin PBXBuildFile section */
		3930EA799056B99699750013 /* Pods_SOT_iOS.framework in Frameworks */ = {isa = PBXBuildFile; fileRef = 206B3783D193D1EC934456E0 /* Pods_SOT_iOS.framework */; };
		404D4E352752869B004D7154 /* CategoryDataModel.swift in Sources */ = {isa = PBXBuildFile; fileRef = 404D4E342752869B004D7154 /* CategoryDataModel.swift */; };
		404D4E38275286F1004D7154 /* CategoryCollectionViewCell.swift in Sources */ = {isa = PBXBuildFile; fileRef = 404D4E37275286F1004D7154 /* CategoryCollectionViewCell.swift */; };
		40B2A785274CE00B00670795 /* UploadVideoFirstViewController.swift in Sources */ = {isa = PBXBuildFile; fileRef = 40B2A784274CE00B00670795 /* UploadVideoFirstViewController.swift */; };
		40B2A787274CE30400670795 /* UploadVideoSecondViewController.swift in Sources */ = {isa = PBXBuildFile; fileRef = 40B2A786274CE30400670795 /* UploadVideoSecondViewController.swift */; };
		40B97031274D478800DD6DF2 /* CameraManager.swift in Sources */ = {isa = PBXBuildFile; fileRef = 40B97030274D478800DD6DF2 /* CameraManager.swift */; };
		40C4FD49274CEF6B009EA8C1 /* MediaPlayerView.swift in Sources */ = {isa = PBXBuildFile; fileRef = 40C4FD48274CEF6B009EA8C1 /* MediaPlayerView.swift */; };
		40C9E57E274C060B00F73EA9 /* AppDelegate.swift in Sources */ = {isa = PBXBuildFile; fileRef = 40C9E57D274C060B00F73EA9 /* AppDelegate.swift */; };
		40C9E580274C060B00F73EA9 /* SceneDelegate.swift in Sources */ = {isa = PBXBuildFile; fileRef = 40C9E57F274C060B00F73EA9 /* SceneDelegate.swift */; };
		40C9E582274C060B00F73EA9 /* HomeViewController.swift in Sources */ = {isa = PBXBuildFile; fileRef = 40C9E581274C060B00F73EA9 /* HomeViewController.swift */; };
		40C9E587274C060D00F73EA9 /* Assets.xcassets in Resources */ = {isa = PBXBuildFile; fileRef = 40C9E586274C060D00F73EA9 /* Assets.xcassets */; };
		40C9E58A274C060D00F73EA9 /* LaunchScreen.storyboard in Resources */ = {isa = PBXBuildFile; fileRef = 40C9E588274C060D00F73EA9 /* LaunchScreen.storyboard */; };
		40CC7176274D77F300872CE1 /* Poppins-Medium.ttf in Resources */ = {isa = PBXBuildFile; fileRef = 40CC7173274D77F300872CE1 /* Poppins-Medium.ttf */; };
		40CC7177274D77F300872CE1 /* Poppins-Bold.ttf in Resources */ = {isa = PBXBuildFile; fileRef = 40CC7174274D77F300872CE1 /* Poppins-Bold.ttf */; };
		40CC7178274D77F300872CE1 /* Poppins-Regular.ttf in Resources */ = {isa = PBXBuildFile; fileRef = 40CC7175274D77F300872CE1 /* Poppins-Regular.ttf */; };
		40F284B6274CDD2400986F33 /* UIColorExtension.swift in Sources */ = {isa = PBXBuildFile; fileRef = 40F284B5274CDD2400986F33 /* UIColorExtension.swift */; };
		40F284B8274CDEB900986F33 /* UIFontExtension.swift in Sources */ = {isa = PBXBuildFile; fileRef = 40F284B7274CDEB900986F33 /* UIFontExtension.swift */; };
		A8560788275205E300EAE817 /* TabbarViewController.swift in Sources */ = {isa = PBXBuildFile; fileRef = A8560787275205E300EAE817 /* TabbarViewController.swift */; };
		A8D856D2274C0F1B006E61DC /* PlayerView.swift in Sources */ = {isa = PBXBuildFile; fileRef = A8D856D1274C0F1B006E61DC /* PlayerView.swift */; };
		A8D856D5274C1623006E61DC /* AVPlayerExtension.swift in Sources */ = {isa = PBXBuildFile; fileRef = A8D856D4274C1623006E61DC /* AVPlayerExtension.swift */; };
		A8D856D8274C190F006E61DC /* HomeViewModel.swift in Sources */ = {isa = PBXBuildFile; fileRef = A8D856D7274C190F006E61DC /* HomeViewModel.swift */; };
		A8D856DC274C2EA6006E61DC /* VideoAPIManager.swift in Sources */ = {isa = PBXBuildFile; fileRef = A8D856DB274C2EA6006E61DC /* VideoAPIManager.swift */; };
		A8D856DF274C31C9006E61DC /* ActivityVideoRequest.swift in Sources */ = {isa = PBXBuildFile; fileRef = A8D856DE274C31C9006E61DC /* ActivityVideoRequest.swift */; };
		A8D856E1274C3275006E61DC /* Videos.swift in Sources */ = {isa = PBXBuildFile; fileRef = A8D856E0274C3275006E61DC /* Videos.swift */; };
		A8D856E3274C37E6006E61DC /* VideoCell.swift in Sources */ = {isa = PBXBuildFile; fileRef = A8D856E2274C37E6006E61DC /* VideoCell.swift */; };
		A8D856E5274C3C53006E61DC /* Observable.swift in Sources */ = {isa = PBXBuildFile; fileRef = A8D856E4274C3C53006E61DC /* Observable.swift */; };
/* End PBXBuildFile section */

/* Begin PBXFileReference section */
		206B3783D193D1EC934456E0 /* Pods_SOT_iOS.framework */ = {isa = PBXFileReference; explicitFileType = wrapper.framework; includeInIndex = 0; path = Pods_SOT_iOS.framework; sourceTree = BUILT_PRODUCTS_DIR; };
		21189228B6651EB8C801BEB2 /* Pods-SOT-iOS.debug.xcconfig */ = {isa = PBXFileReference; includeInIndex = 1; lastKnownFileType = text.xcconfig; name = "Pods-SOT-iOS.debug.xcconfig"; path = "Target Support Files/Pods-SOT-iOS/Pods-SOT-iOS.debug.xcconfig"; sourceTree = "<group>"; };
		404D4E342752869B004D7154 /* CategoryDataModel.swift */ = {isa = PBXFileReference; lastKnownFileType = sourcecode.swift; path = CategoryDataModel.swift; sourceTree = "<group>"; };
		404D4E37275286F1004D7154 /* CategoryCollectionViewCell.swift */ = {isa = PBXFileReference; lastKnownFileType = sourcecode.swift; path = CategoryCollectionViewCell.swift; sourceTree = "<group>"; };
		40B2A784274CE00B00670795 /* UploadVideoFirstViewController.swift */ = {isa = PBXFileReference; lastKnownFileType = sourcecode.swift; path = UploadVideoFirstViewController.swift; sourceTree = "<group>"; };
		40B2A786274CE30400670795 /* UploadVideoSecondViewController.swift */ = {isa = PBXFileReference; lastKnownFileType = sourcecode.swift; path = UploadVideoSecondViewController.swift; sourceTree = "<group>"; };
		40B97030274D478800DD6DF2 /* CameraManager.swift */ = {isa = PBXFileReference; lastKnownFileType = sourcecode.swift; path = CameraManager.swift; sourceTree = "<group>"; };
		40C4FD48274CEF6B009EA8C1 /* MediaPlayerView.swift */ = {isa = PBXFileReference; lastKnownFileType = sourcecode.swift; path = MediaPlayerView.swift; sourceTree = "<group>"; };
		40C9E57A274C060B00F73EA9 /* SOT-iOS.app */ = {isa = PBXFileReference; explicitFileType = wrapper.application; includeInIndex = 0; path = "SOT-iOS.app"; sourceTree = BUILT_PRODUCTS_DIR; };
		40C9E57D274C060B00F73EA9 /* AppDelegate.swift */ = {isa = PBXFileReference; lastKnownFileType = sourcecode.swift; path = AppDelegate.swift; sourceTree = "<group>"; };
		40C9E57F274C060B00F73EA9 /* SceneDelegate.swift */ = {isa = PBXFileReference; lastKnownFileType = sourcecode.swift; path = SceneDelegate.swift; sourceTree = "<group>"; };
		40C9E581274C060B00F73EA9 /* HomeViewController.swift */ = {isa = PBXFileReference; lastKnownFileType = sourcecode.swift; path = HomeViewController.swift; sourceTree = "<group>"; };
		40C9E586274C060D00F73EA9 /* Assets.xcassets */ = {isa = PBXFileReference; lastKnownFileType = folder.assetcatalog; path = Assets.xcassets; sourceTree = "<group>"; };
		40C9E589274C060D00F73EA9 /* Base */ = {isa = PBXFileReference; lastKnownFileType = file.storyboard; name = Base; path = Base.lproj/LaunchScreen.storyboard; sourceTree = "<group>"; };
		40C9E58B274C060D00F73EA9 /* Info.plist */ = {isa = PBXFileReference; lastKnownFileType = text.plist.xml; path = Info.plist; sourceTree = "<group>"; };
		40CC7173274D77F300872CE1 /* Poppins-Medium.ttf */ = {isa = PBXFileReference; lastKnownFileType = file; path = "Poppins-Medium.ttf"; sourceTree = "<group>"; };
		40CC7174274D77F300872CE1 /* Poppins-Bold.ttf */ = {isa = PBXFileReference; lastKnownFileType = file; path = "Poppins-Bold.ttf"; sourceTree = "<group>"; };
		40CC7175274D77F300872CE1 /* Poppins-Regular.ttf */ = {isa = PBXFileReference; lastKnownFileType = file; path = "Poppins-Regular.ttf"; sourceTree = "<group>"; };
		40F284B5274CDD2400986F33 /* UIColorExtension.swift */ = {isa = PBXFileReference; lastKnownFileType = sourcecode.swift; path = UIColorExtension.swift; sourceTree = "<group>"; };
		40F284B7274CDEB900986F33 /* UIFontExtension.swift */ = {isa = PBXFileReference; lastKnownFileType = sourcecode.swift; path = UIFontExtension.swift; sourceTree = "<group>"; };
		53F04EFB7923A7DB1B69AAD3 /* Pods-SOT-iOS.release.xcconfig */ = {isa = PBXFileReference; includeInIndex = 1; lastKnownFileType = text.xcconfig; name = "Pods-SOT-iOS.release.xcconfig"; path = "Target Support Files/Pods-SOT-iOS/Pods-SOT-iOS.release.xcconfig"; sourceTree = "<group>"; };
		A8560787275205E300EAE817 /* TabbarViewController.swift */ = {isa = PBXFileReference; lastKnownFileType = sourcecode.swift; path = TabbarViewController.swift; sourceTree = "<group>"; };
		A8D856D1274C0F1B006E61DC /* PlayerView.swift */ = {isa = PBXFileReference; lastKnownFileType = sourcecode.swift; path = PlayerView.swift; sourceTree = "<group>"; };
		A8D856D4274C1623006E61DC /* AVPlayerExtension.swift */ = {isa = PBXFileReference; lastKnownFileType = sourcecode.swift; path = AVPlayerExtension.swift; sourceTree = "<group>"; };
		A8D856D7274C190F006E61DC /* HomeViewModel.swift */ = {isa = PBXFileReference; lastKnownFileType = sourcecode.swift; path = HomeViewModel.swift; sourceTree = "<group>"; };
		A8D856DB274C2EA6006E61DC /* VideoAPIManager.swift */ = {isa = PBXFileReference; lastKnownFileType = sourcecode.swift; path = VideoAPIManager.swift; sourceTree = "<group>"; };
		A8D856DE274C31C9006E61DC /* ActivityVideoRequest.swift */ = {isa = PBXFileReference; lastKnownFileType = sourcecode.swift; path = ActivityVideoRequest.swift; sourceTree = "<group>"; };
		A8D856E0274C3275006E61DC /* Videos.swift */ = {isa = PBXFileReference; lastKnownFileType = sourcecode.swift; path = Videos.swift; sourceTree = "<group>"; };
		A8D856E2274C37E6006E61DC /* VideoCell.swift */ = {isa = PBXFileReference; lastKnownFileType = sourcecode.swift; path = VideoCell.swift; sourceTree = "<group>"; };
		A8D856E4274C3C53006E61DC /* Observable.swift */ = {isa = PBXFileReference; lastKnownFileType = sourcecode.swift; path = Observable.swift; sourceTree = "<group>"; };
/* End PBXFileReference section */

/* Begin PBXFrameworksBuildPhase section */
		40C9E577274C060A00F73EA9 /* Frameworks */ = {
			isa = PBXFrameworksBuildPhase;
			buildActionMask = 2147483647;
			files = (
				3930EA799056B99699750013 /* Pods_SOT_iOS.framework in Frameworks */,
			);
			runOnlyForDeploymentPostprocessing = 0;
		};
/* End PBXFrameworksBuildPhase section */

/* Begin PBXGroup section */
		404D4E3327528682004D7154 /* UploadVideo */ = {
			isa = PBXGroup;
			children = (
				404D4E342752869B004D7154 /* CategoryDataModel.swift */,
			);
			path = UploadVideo;
			sourceTree = "<group>";
		};
		404D4E36275286DE004D7154 /* Cell */ = {
			isa = PBXGroup;
			children = (
				404D4E37275286F1004D7154 /* CategoryCollectionViewCell.swift */,
			);
			path = Cell;
			sourceTree = "<group>";
		};
		40C4FD44274CE6AC009EA8C1 /* UploadVideo */ = {
			isa = PBXGroup;
			children = (
				404D4E36275286DE004D7154 /* Cell */,
				40CC717A274D78A200872CE1 /* Class */,
				40CC7179274D789D00872CE1 /* View */,
				40B2A784274CE00B00670795 /* UploadVideoFirstViewController.swift */,
				40B2A786274CE30400670795 /* UploadVideoSecondViewController.swift */,
			);
			path = UploadVideo;
			sourceTree = "<group>";
		};
		40C9E571274C060A00F73EA9 = {
			isa = PBXGroup;
			children = (
				40C9E57C274C060B00F73EA9 /* SOT-iOS */,
				40C9E57B274C060B00F73EA9 /* Products */,
				A595D93B8A5002B017CE0DC3 /* Pods */,
				6D5C013A441D936876B022E0 /* Frameworks */,
			);
			sourceTree = "<group>";
		};
		40C9E57B274C060B00F73EA9 /* Products */ = {
			isa = PBXGroup;
			children = (
				40C9E57A274C060B00F73EA9 /* SOT-iOS.app */,
			);
			name = Products;
			sourceTree = "<group>";
		};
		40C9E57C274C060B00F73EA9 /* SOT-iOS */ = {
			isa = PBXGroup;
			children = (
				40C9E593274C06BF00F73EA9 /* Application */,
				40C9E592274C06B700F73EA9 /* Resources */,
				40C9E594274C06CA00F73EA9 /* Sources */,
			);
			path = "SOT-iOS";
			sourceTree = "<group>";
		};
		40C9E592274C06B700F73EA9 /* Resources */ = {
			isa = PBXGroup;
			children = (
				40CC7172274D77E600872CE1 /* Font */,
				A8D856D3274C1602006E61DC /* Extensions */,
				40C9E586274C060D00F73EA9 /* Assets.xcassets */,
			);
			path = Resources;
			sourceTree = "<group>";
		};
		40C9E593274C06BF00F73EA9 /* Application */ = {
			isa = PBXGroup;
			children = (
				40C9E588274C060D00F73EA9 /* LaunchScreen.storyboard */,
				40C9E58B274C060D00F73EA9 /* Info.plist */,
				40C9E57D274C060B00F73EA9 /* AppDelegate.swift */,
				40C9E57F274C060B00F73EA9 /* SceneDelegate.swift */,
			);
			path = Application;
			sourceTree = "<group>";
		};
		40C9E594274C06CA00F73EA9 /* Sources */ = {
			isa = PBXGroup;
			children = (
				A866855A274C0B4800D2B9BD /* Network */,
				A8668559274C0B4200D2B9BD /* Model */,
				A8668557274C0B2200D2B9BD /* View */,
				A8668558274C0B3A00D2B9BD /* ViewModel */,
			);
			path = Sources;
			sourceTree = "<group>";
		};
		40CC7172274D77E600872CE1 /* Font */ = {
			isa = PBXGroup;
			children = (
				40CC7174274D77F300872CE1 /* Poppins-Bold.ttf */,
				40CC7173274D77F300872CE1 /* Poppins-Medium.ttf */,
				40CC7175274D77F300872CE1 /* Poppins-Regular.ttf */,
			);
			path = Font;
			sourceTree = "<group>";
		};
		40CC7179274D789D00872CE1 /* View */ = {
			isa = PBXGroup;
			children = (
				40C4FD48274CEF6B009EA8C1 /* MediaPlayerView.swift */,
			);
			path = View;
			sourceTree = "<group>";
		};
		40CC717A274D78A200872CE1 /* Class */ = {
			isa = PBXGroup;
			children = (
				40B97030274D478800DD6DF2 /* CameraManager.swift */,
			);
			path = Class;
			sourceTree = "<group>";
		};
		6D5C013A441D936876B022E0 /* Frameworks */ = {
			isa = PBXGroup;
			children = (
				206B3783D193D1EC934456E0 /* Pods_SOT_iOS.framework */,
			);
			name = Frameworks;
			sourceTree = "<group>";
		};
		A595D93B8A5002B017CE0DC3 /* Pods */ = {
			isa = PBXGroup;
			children = (
				21189228B6651EB8C801BEB2 /* Pods-SOT-iOS.debug.xcconfig */,
				53F04EFB7923A7DB1B69AAD3 /* Pods-SOT-iOS.release.xcconfig */,
			);
			path = Pods;
			sourceTree = "<group>";
		};
		A8560786275205CA00EAE817 /* Tabbar */ = {
			isa = PBXGroup;
			children = (
				A8560787275205E300EAE817 /* TabbarViewController.swift */,
			);
			path = Tabbar;
			sourceTree = "<group>";
		};
		A8668557274C0B2200D2B9BD /* View */ = {
			isa = PBXGroup;
			children = (
				A866855B274C0B6B00D2B9BD /* Home */,
				40C4FD44274CE6AC009EA8C1 /* UploadVideo */,
				A8560786275205CA00EAE817 /* Tabbar */,
			);
			path = View;
			sourceTree = "<group>";
		};
		A8668558274C0B3A00D2B9BD /* ViewModel */ = {
			isa = PBXGroup;
			children = (
				A8D856D6274C18F9006E61DC /* Home */,
				A8D856E4274C3C53006E61DC /* Observable.swift */,
			);
			path = ViewModel;
			sourceTree = "<group>";
		};
		A8668559274C0B4200D2B9BD /* Model */ = {
			isa = PBXGroup;
			children = (
				A8D856DD274C318F006E61DC /* Home */,
				404D4E3327528682004D7154 /* UploadVideo */,
			);
			path = Model;
			sourceTree = "<group>";
		};
		A866855A274C0B4800D2B9BD /* Network */ = {
			isa = PBXGroup;
			children = (
				A8D856DB274C2EA6006E61DC /* VideoAPIManager.swift */,
			);
			path = Network;
			sourceTree = "<group>";
		};
		A866855B274C0B6B00D2B9BD /* Home */ = {
			isa = PBXGroup;
			children = (
				A8D856CE274C0EB6006E61DC /* Controller */,
				A8D856D0274C0EDD006E61DC /* Views */,
				A8D856CF274C0ED1006E61DC /* Cell */,
			);
			path = Home;
			sourceTree = "<group>";
		};
		A8D856CE274C0EB6006E61DC /* Controller */ = {
			isa = PBXGroup;
			children = (
				40C9E581274C060B00F73EA9 /* HomeViewController.swift */,
			);
			path = Controller;
			sourceTree = "<group>";
		};
		A8D856CF274C0ED1006E61DC /* Cell */ = {
			isa = PBXGroup;
			children = (
				A8D856E2274C37E6006E61DC /* VideoCell.swift */,
			);
			path = Cell;
			sourceTree = "<group>";
		};
		A8D856D0274C0EDD006E61DC /* Views */ = {
			isa = PBXGroup;
			children = (
				A8D856D1274C0F1B006E61DC /* PlayerView.swift */,
			);
			path = Views;
			sourceTree = "<group>";
		};
		A8D856D3274C1602006E61DC /* Extensions */ = {
			isa = PBXGroup;
			children = (
				40F284B5274CDD2400986F33 /* UIColorExtension.swift */,
				40F284B7274CDEB900986F33 /* UIFontExtension.swift */,
				A8D856D4274C1623006E61DC /* AVPlayerExtension.swift */,
			);
			path = Extensions;
			sourceTree = "<group>";
		};
		A8D856D6274C18F9006E61DC /* Home */ = {
			isa = PBXGroup;
			children = (
				A8D856D7274C190F006E61DC /* HomeViewModel.swift */,
			);
			path = Home;
			sourceTree = "<group>";
		};
		A8D856DD274C318F006E61DC /* Home */ = {
			isa = PBXGroup;
			children = (
				A8D856DE274C31C9006E61DC /* ActivityVideoRequest.swift */,
				A8D856E0274C3275006E61DC /* Videos.swift */,
			);
			path = Home;
			sourceTree = "<group>";
		};
/* End PBXGroup section */

/* Begin PBXNativeTarget section */
		40C9E579274C060A00F73EA9 /* SOT-iOS */ = {
			isa = PBXNativeTarget;
			buildConfigurationList = 40C9E58E274C060D00F73EA9 /* Build configuration list for PBXNativeTarget "SOT-iOS" */;
			buildPhases = (
				B3B615814692AB614DC5C746 /* [CP] Check Pods Manifest.lock */,
				40C9E576274C060A00F73EA9 /* Sources */,
				40C9E577274C060A00F73EA9 /* Frameworks */,
				40C9E578274C060A00F73EA9 /* Resources */,
				3C01816B4C16D26A36F0647F /* [CP] Embed Pods Frameworks */,
			);
			buildRules = (
			);
			dependencies = (
			);
			name = "SOT-iOS";
			productName = "SOT-iOS";
			productReference = 40C9E57A274C060B00F73EA9 /* SOT-iOS.app */;
			productType = "com.apple.product-type.application";
		};
/* End PBXNativeTarget section */

/* Begin PBXProject section */
		40C9E572274C060A00F73EA9 /* Project object */ = {
			isa = PBXProject;
			attributes = {
				LastSwiftUpdateCheck = 1250;
				LastUpgradeCheck = 1250;
				TargetAttributes = {
					40C9E579274C060A00F73EA9 = {
						CreatedOnToolsVersion = 12.5;
					};
				};
			};
			buildConfigurationList = 40C9E575274C060A00F73EA9 /* Build configuration list for PBXProject "SOT-iOS" */;
			compatibilityVersion = "Xcode 9.3";
			developmentRegion = en;
			hasScannedForEncodings = 0;
			knownRegions = (
				en,
				Base,
			);
			mainGroup = 40C9E571274C060A00F73EA9;
			productRefGroup = 40C9E57B274C060B00F73EA9 /* Products */;
			projectDirPath = "";
			projectRoot = "";
			targets = (
				40C9E579274C060A00F73EA9 /* SOT-iOS */,
			);
		};
/* End PBXProject section */

/* Begin PBXResourcesBuildPhase section */
		40C9E578274C060A00F73EA9 /* Resources */ = {
			isa = PBXResourcesBuildPhase;
			buildActionMask = 2147483647;
			files = (
				40CC7176274D77F300872CE1 /* Poppins-Medium.ttf in Resources */,
				40C9E58A274C060D00F73EA9 /* LaunchScreen.storyboard in Resources */,
				40C9E587274C060D00F73EA9 /* Assets.xcassets in Resources */,
				40CC7177274D77F300872CE1 /* Poppins-Bold.ttf in Resources */,
				40CC7178274D77F300872CE1 /* Poppins-Regular.ttf in Resources */,
			);
			runOnlyForDeploymentPostprocessing = 0;
		};
/* End PBXResourcesBuildPhase section */

/* Begin PBXShellScriptBuildPhase section */
		3C01816B4C16D26A36F0647F /* [CP] Embed Pods Frameworks */ = {
			isa = PBXShellScriptBuildPhase;
			buildActionMask = 2147483647;
			files = (
			);
			inputFileListPaths = (
				"${PODS_ROOT}/Target Support Files/Pods-SOT-iOS/Pods-SOT-iOS-frameworks-${CONFIGURATION}-input-files.xcfilelist",
			);
			name = "[CP] Embed Pods Frameworks";
			outputFileListPaths = (
				"${PODS_ROOT}/Target Support Files/Pods-SOT-iOS/Pods-SOT-iOS-frameworks-${CONFIGURATION}-output-files.xcfilelist",
			);
			runOnlyForDeploymentPostprocessing = 0;
			shellPath = /bin/sh;
			shellScript = "\"${PODS_ROOT}/Target Support Files/Pods-SOT-iOS/Pods-SOT-iOS-frameworks.sh\"\n";
			showEnvVarsInLog = 0;
		};
		B3B615814692AB614DC5C746 /* [CP] Check Pods Manifest.lock */ = {
			isa = PBXShellScriptBuildPhase;
			buildActionMask = 2147483647;
			files = (
			);
			inputFileListPaths = (
			);
			inputPaths = (
				"${PODS_PODFILE_DIR_PATH}/Podfile.lock",
				"${PODS_ROOT}/Manifest.lock",
			);
			name = "[CP] Check Pods Manifest.lock";
			outputFileListPaths = (
			);
			outputPaths = (
				"$(DERIVED_FILE_DIR)/Pods-SOT-iOS-checkManifestLockResult.txt",
			);
			runOnlyForDeploymentPostprocessing = 0;
			shellPath = /bin/sh;
			shellScript = "diff \"${PODS_PODFILE_DIR_PATH}/Podfile.lock\" \"${PODS_ROOT}/Manifest.lock\" > /dev/null\nif [ $? != 0 ] ; then\n    # print error to STDERR\n    echo \"error: The sandbox is not in sync with the Podfile.lock. Run 'pod install' or update your CocoaPods installation.\" >&2\n    exit 1\nfi\n# This output is used by Xcode 'outputs' to avoid re-running this script phase.\necho \"SUCCESS\" > \"${SCRIPT_OUTPUT_FILE_0}\"\n";
			showEnvVarsInLog = 0;
		};
/* End PBXShellScriptBuildPhase section */

/* Begin PBXSourcesBuildPhase section */
		40C9E576274C060A00F73EA9 /* Sources */ = {
			isa = PBXSourcesBuildPhase;
			buildActionMask = 2147483647;
			files = (
				A8D856DF274C31C9006E61DC /* ActivityVideoRequest.swift in Sources */,
				40C9E582274C060B00F73EA9 /* HomeViewController.swift in Sources */,
				40F284B8274CDEB900986F33 /* UIFontExtension.swift in Sources */,
				40B2A787274CE30400670795 /* UploadVideoSecondViewController.swift in Sources */,
				40B2A785274CE00B00670795 /* UploadVideoFirstViewController.swift in Sources */,
				40C4FD49274CEF6B009EA8C1 /* MediaPlayerView.swift in Sources */,
				404D4E352752869B004D7154 /* CategoryDataModel.swift in Sources */,
				40F284B6274CDD2400986F33 /* UIColorExtension.swift in Sources */,
				40B97031274D478800DD6DF2 /* CameraManager.swift in Sources */,
				A8560788275205E300EAE817 /* TabbarViewController.swift in Sources */,
				A8D856E1274C3275006E61DC /* Videos.swift in Sources */,
				A8D856E5274C3C53006E61DC /* Observable.swift in Sources */,
				A8D856D8274C190F006E61DC /* HomeViewModel.swift in Sources */,
				A8D856D5274C1623006E61DC /* AVPlayerExtension.swift in Sources */,
				A8D856DC274C2EA6006E61DC /* VideoAPIManager.swift in Sources */,
				A8D856E3274C37E6006E61DC /* VideoCell.swift in Sources */,
				404D4E38275286F1004D7154 /* CategoryCollectionViewCell.swift in Sources */,
				40C9E57E274C060B00F73EA9 /* AppDelegate.swift in Sources */,
				40C9E580274C060B00F73EA9 /* SceneDelegate.swift in Sources */,
				A8D856D2274C0F1B006E61DC /* PlayerView.swift in Sources */,
			);
			runOnlyForDeploymentPostprocessing = 0;
		};
/* End PBXSourcesBuildPhase section */

/* Begin PBXVariantGroup section */
		40C9E588274C060D00F73EA9 /* LaunchScreen.storyboard */ = {
			isa = PBXVariantGroup;
			children = (
				40C9E589274C060D00F73EA9 /* Base */,
			);
			name = LaunchScreen.storyboard;
			sourceTree = "<group>";
		};
/* End PBXVariantGroup section */

/* Begin XCBuildConfiguration section */
		40C9E58C274C060D00F73EA9 /* Debug */ = {
			isa = XCBuildConfiguration;
			buildSettings = {
				ALWAYS_SEARCH_USER_PATHS = NO;
				CLANG_ANALYZER_NONNULL = YES;
				CLANG_ANALYZER_NUMBER_OBJECT_CONVERSION = YES_AGGRESSIVE;
				CLANG_CXX_LANGUAGE_STANDARD = "gnu++14";
				CLANG_CXX_LIBRARY = "libc++";
				CLANG_ENABLE_MODULES = YES;
				CLANG_ENABLE_OBJC_ARC = YES;
				CLANG_ENABLE_OBJC_WEAK = YES;
				CLANG_WARN_BLOCK_CAPTURE_AUTORELEASING = YES;
				CLANG_WARN_BOOL_CONVERSION = YES;
				CLANG_WARN_COMMA = YES;
				CLANG_WARN_CONSTANT_CONVERSION = YES;
				CLANG_WARN_DEPRECATED_OBJC_IMPLEMENTATIONS = YES;
				CLANG_WARN_DIRECT_OBJC_ISA_USAGE = YES_ERROR;
				CLANG_WARN_DOCUMENTATION_COMMENTS = YES;
				CLANG_WARN_EMPTY_BODY = YES;
				CLANG_WARN_ENUM_CONVERSION = YES;
				CLANG_WARN_INFINITE_RECURSION = YES;
				CLANG_WARN_INT_CONVERSION = YES;
				CLANG_WARN_NON_LITERAL_NULL_CONVERSION = YES;
				CLANG_WARN_OBJC_IMPLICIT_RETAIN_SELF = YES;
				CLANG_WARN_OBJC_LITERAL_CONVERSION = YES;
				CLANG_WARN_OBJC_ROOT_CLASS = YES_ERROR;
				CLANG_WARN_QUOTED_INCLUDE_IN_FRAMEWORK_HEADER = YES;
				CLANG_WARN_RANGE_LOOP_ANALYSIS = YES;
				CLANG_WARN_STRICT_PROTOTYPES = YES;
				CLANG_WARN_SUSPICIOUS_MOVE = YES;
				CLANG_WARN_UNGUARDED_AVAILABILITY = YES_AGGRESSIVE;
				CLANG_WARN_UNREACHABLE_CODE = YES;
				CLANG_WARN__DUPLICATE_METHOD_MATCH = YES;
				COPY_PHASE_STRIP = NO;
				DEBUG_INFORMATION_FORMAT = dwarf;
				ENABLE_STRICT_OBJC_MSGSEND = YES;
				ENABLE_TESTABILITY = YES;
				GCC_C_LANGUAGE_STANDARD = gnu11;
				GCC_DYNAMIC_NO_PIC = NO;
				GCC_NO_COMMON_BLOCKS = YES;
				GCC_OPTIMIZATION_LEVEL = 0;
				GCC_PREPROCESSOR_DEFINITIONS = (
					"DEBUG=1",
					"$(inherited)",
				);
				GCC_WARN_64_TO_32_BIT_CONVERSION = YES;
				GCC_WARN_ABOUT_RETURN_TYPE = YES_ERROR;
				GCC_WARN_UNDECLARED_SELECTOR = YES;
				GCC_WARN_UNINITIALIZED_AUTOS = YES_AGGRESSIVE;
				GCC_WARN_UNUSED_FUNCTION = YES;
				GCC_WARN_UNUSED_VARIABLE = YES;
				IPHONEOS_DEPLOYMENT_TARGET = 14.5;
				MTL_ENABLE_DEBUG_INFO = INCLUDE_SOURCE;
				MTL_FAST_MATH = YES;
				ONLY_ACTIVE_ARCH = YES;
				SDKROOT = iphoneos;
				SWIFT_ACTIVE_COMPILATION_CONDITIONS = DEBUG;
				SWIFT_OPTIMIZATION_LEVEL = "-Onone";
			};
			name = Debug;
		};
		40C9E58D274C060D00F73EA9 /* Release */ = {
			isa = XCBuildConfiguration;
			buildSettings = {
				ALWAYS_SEARCH_USER_PATHS = NO;
				CLANG_ANALYZER_NONNULL = YES;
				CLANG_ANALYZER_NUMBER_OBJECT_CONVERSION = YES_AGGRESSIVE;
				CLANG_CXX_LANGUAGE_STANDARD = "gnu++14";
				CLANG_CXX_LIBRARY = "libc++";
				CLANG_ENABLE_MODULES = YES;
				CLANG_ENABLE_OBJC_ARC = YES;
				CLANG_ENABLE_OBJC_WEAK = YES;
				CLANG_WARN_BLOCK_CAPTURE_AUTORELEASING = YES;
				CLANG_WARN_BOOL_CONVERSION = YES;
				CLANG_WARN_COMMA = YES;
				CLANG_WARN_CONSTANT_CONVERSION = YES;
				CLANG_WARN_DEPRECATED_OBJC_IMPLEMENTATIONS = YES;
				CLANG_WARN_DIRECT_OBJC_ISA_USAGE = YES_ERROR;
				CLANG_WARN_DOCUMENTATION_COMMENTS = YES;
				CLANG_WARN_EMPTY_BODY = YES;
				CLANG_WARN_ENUM_CONVERSION = YES;
				CLANG_WARN_INFINITE_RECURSION = YES;
				CLANG_WARN_INT_CONVERSION = YES;
				CLANG_WARN_NON_LITERAL_NULL_CONVERSION = YES;
				CLANG_WARN_OBJC_IMPLICIT_RETAIN_SELF = YES;
				CLANG_WARN_OBJC_LITERAL_CONVERSION = YES;
				CLANG_WARN_OBJC_ROOT_CLASS = YES_ERROR;
				CLANG_WARN_QUOTED_INCLUDE_IN_FRAMEWORK_HEADER = YES;
				CLANG_WARN_RANGE_LOOP_ANALYSIS = YES;
				CLANG_WARN_STRICT_PROTOTYPES = YES;
				CLANG_WARN_SUSPICIOUS_MOVE = YES;
				CLANG_WARN_UNGUARDED_AVAILABILITY = YES_AGGRESSIVE;
				CLANG_WARN_UNREACHABLE_CODE = YES;
				CLANG_WARN__DUPLICATE_METHOD_MATCH = YES;
				COPY_PHASE_STRIP = NO;
				DEBUG_INFORMATION_FORMAT = "dwarf-with-dsym";
				ENABLE_NS_ASSERTIONS = NO;
				ENABLE_STRICT_OBJC_MSGSEND = YES;
				GCC_C_LANGUAGE_STANDARD = gnu11;
				GCC_NO_COMMON_BLOCKS = YES;
				GCC_WARN_64_TO_32_BIT_CONVERSION = YES;
				GCC_WARN_ABOUT_RETURN_TYPE = YES_ERROR;
				GCC_WARN_UNDECLARED_SELECTOR = YES;
				GCC_WARN_UNINITIALIZED_AUTOS = YES_AGGRESSIVE;
				GCC_WARN_UNUSED_FUNCTION = YES;
				GCC_WARN_UNUSED_VARIABLE = YES;
				IPHONEOS_DEPLOYMENT_TARGET = 14.5;
				MTL_ENABLE_DEBUG_INFO = NO;
				MTL_FAST_MATH = YES;
				SDKROOT = iphoneos;
				SWIFT_COMPILATION_MODE = wholemodule;
				SWIFT_OPTIMIZATION_LEVEL = "-O";
				VALIDATE_PRODUCT = YES;
			};
			name = Release;
		};
		40C9E58F274C060D00F73EA9 /* Debug */ = {
			isa = XCBuildConfiguration;
			baseConfigurationReference = 21189228B6651EB8C801BEB2 /* Pods-SOT-iOS.debug.xcconfig */;
			buildSettings = {
				ASSETCATALOG_COMPILER_APPICON_NAME = AppIcon;
				ASSETCATALOG_COMPILER_GLOBAL_ACCENT_COLOR_NAME = AccentColor;
				CODE_SIGN_IDENTITY = "Apple Development";
				CODE_SIGN_STYLE = Automatic;
				DEVELOPMENT_TEAM = 69F5355JYF;
				INFOPLIST_FILE = "SOT-iOS/Application/Info.plist";
				IPHONEOS_DEPLOYMENT_TARGET = 13.0;
				LD_RUNPATH_SEARCH_PATHS = (
					"$(inherited)",
					"@executable_path/Frameworks",
				);
				PRODUCT_BUNDLE_IDENTIFIER = "com.TeamCanPlay.SOT-iOS";
				PRODUCT_NAME = "$(TARGET_NAME)";
				PROVISIONING_PROFILE_SPECIFIER = "";
				SWIFT_VERSION = 5.0;
				TARGETED_DEVICE_FAMILY = "1,2";
			};
			name = Debug;
		};
		40C9E590274C060D00F73EA9 /* Release */ = {
			isa = XCBuildConfiguration;
			baseConfigurationReference = 53F04EFB7923A7DB1B69AAD3 /* Pods-SOT-iOS.release.xcconfig */;
			buildSettings = {
				ASSETCATALOG_COMPILER_APPICON_NAME = AppIcon;
				ASSETCATALOG_COMPILER_GLOBAL_ACCENT_COLOR_NAME = AccentColor;
				CODE_SIGN_IDENTITY = "Apple Development";
				CODE_SIGN_STYLE = Automatic;
				DEVELOPMENT_TEAM = 69F5355JYF;
				INFOPLIST_FILE = "SOT-iOS/Application/Info.plist";
				IPHONEOS_DEPLOYMENT_TARGET = 13.0;
				LD_RUNPATH_SEARCH_PATHS = (
					"$(inherited)",
					"@executable_path/Frameworks",
				);
				PRODUCT_BUNDLE_IDENTIFIER = "com.TeamCanPlay.SOT-iOS";
				PRODUCT_NAME = "$(TARGET_NAME)";
				PROVISIONING_PROFILE_SPECIFIER = "";
				SWIFT_VERSION = 5.0;
				TARGETED_DEVICE_FAMILY = "1,2";
			};
			name = Release;
		};
/* End XCBuildConfiguration section */

/* Begin XCConfigurationList section */
		40C9E575274C060A00F73EA9 /* Build configuration list for PBXProject "SOT-iOS" */ = {
			isa = XCConfigurationList;
			buildConfigurations = (
				40C9E58C274C060D00F73EA9 /* Debug */,
				40C9E58D274C060D00F73EA9 /* Release */,
			);
			defaultConfigurationIsVisible = 0;
			defaultConfigurationName = Release;
		};
		40C9E58E274C060D00F73EA9 /* Build configuration list for PBXNativeTarget "SOT-iOS" */ = {
			isa = XCConfigurationList;
			buildConfigurations = (
				40C9E58F274C060D00F73EA9 /* Debug */,
				40C9E590274C060D00F73EA9 /* Release */,
			);
			defaultConfigurationIsVisible = 0;
			defaultConfigurationName = Release;
		};
/* End XCConfigurationList section */
	};
	rootObject = 40C9E572274C060A00F73EA9 /* Project object */;
}
